
Microsoft Visual Studio Solution File, Format Version 11.00
# Visual Studio 2010
Project("{FAE04EC0-301F-11D3-BF4B-00C04F79EFBC}") = "UnityEngine.TestRunner", "UnityEngine.TestRunner.csproj", "{34af46f4-0dfb-4562-e213-b331ec67829c}"
EndProject
Project("{FAE04EC0-301F-11D3-BF4B-00C04F79EFBC}") = "UnityEngine.UI", "UnityEngine.UI.csproj", "{a0c8214e-45d5-d1b2-3828-60c34d610916}"
EndProject
Project("{FAE04EC0-301F-11D3-BF4B-00C04F79EFBC}") = "Unity.TextMeshPro", "Unity.TextMeshPro.csproj", "{4a881afb-4170-240e-a87a-6eaed6b54930}"
EndProject
Project("{FAE04EC0-301F-11D3-BF4B-00C04F79EFBC}") = "Unity.Timeline", "Unity.Timeline.csproj", "{37fec77c-c098-1aa2-b2e0-c2e22b230461}"
EndProject
Project("{FAE04EC0-301F-11D3-BF4B-00C04F79EFBC}") = "Assembly-CSharp", "Assembly-CSharp.csproj", "{5c98dc4a-48b7-5320-a4ad-152539e5990a}"
EndProject
Project("{FAE04EC0-301F-11D3-BF4B-00C04F79EFBC}") = "UnityEditor.TestRunner", "UnityEditor.TestRunner.csproj", "{b2ea37b8-190c-a214-b127-0e4c862bf47f}"
EndProject
Project("{FAE04EC0-301F-11D3-BF4B-00C04F79EFBC}") = "Unity.TextMeshPro.Editor", "Unity.TextMeshPro.Editor.csproj", "{d773e942-a365-9b90-95a7-5bc51cd5e43c}"
EndProject
Project("{FAE04EC0-301F-11D3-BF4B-00C04F79EFBC}") = "Unity.Timeline.Editor", "Unity.Timeline.Editor.csproj", "{78a0d356-6057-12d9-e040-1ed3bb911d22}"
EndProject
Project("{FAE04EC0-301F-11D3-BF4B-00C04F79EFBC}") = "Unity.2D.Sprite.Editor", "Unity.2D.Sprite.Editor.csproj", "{34d7c636-f59e-1e4d-897e-7dbee17d142a}"
EndProject
Project("{FAE04EC0-301F-11D3-BF4B-00C04F79EFBC}") = "UnityEditor.UI", "UnityEditor.UI.csproj", "{1285aebf-32a6-46b2-fc56-f4fecb024d76}"
EndProject
Project("{FAE04EC0-301F-11D3-BF4B-00C04F79EFBC}") = "Unity.Rider.Editor", "Unity.Rider.Editor.csproj", "{21f4e850-0371-412b-2315-46dafb0cf817}"
EndProject
Project("{FAE04EC0-301F-11D3-BF4B-00C04F79EFBC}") = "Unity.CollabProxy.Editor", "Unity.CollabProxy.Editor.csproj", "{37dddcb8-f002-ed1e-83d6-d23ccbb83548}"
EndProject
Project("{FAE04EC0-301F-11D3-BF4B-00C04F79EFBC}") = "Unity.VSCode.Editor", "Unity.VSCode.Editor.csproj", "{d44bcfaa-9e6b-c4ef-8559-fff4ea97f012}"
EndProject
Global
	GlobalSection(SolutionConfigurationPlatforms) = preSolution
		Debug|Any CPU = Debug|Any CPU
	EndGlobalSection
	GlobalSection(ProjectConfigurationPlatforms) = postSolution
		{34af46f4-0dfb-4562-e213-b331ec67829c}.Debug|Any CPU.ActiveCfg = Debug|Any CPU
		{34af46f4-0dfb-4562-e213-b331ec67829c}.Debug|Any CPU.Build.0 = Debug|Any CPU
		{a0c8214e-45d5-d1b2-3828-60c34d610916}.Debug|Any CPU.ActiveCfg = Debug|Any CPU
		{a0c8214e-45d5-d1b2-3828-60c34d610916}.Debug|Any CPU.Build.0 = Debug|Any CPU
		{4a881afb-4170-240e-a87a-6eaed6b54930}.Debug|Any CPU.ActiveCfg = Debug|Any CPU
		{4a881afb-4170-240e-a87a-6eaed6b54930}.Debug|Any CPU.Build.0 = Debug|Any CPU
		{37fec77c-c098-1aa2-b2e0-c2e22b230461}.Debug|Any CPU.ActiveCfg = Debug|Any CPU
		{37fec77c-c098-1aa2-b2e0-c2e22b230461}.Debug|Any CPU.Build.0 = Debug|Any CPU
		{5c98dc4a-48b7-5320-a4ad-152539e5990a}.Debug|Any CPU.ActiveCfg = Debug|Any CPU
		{5c98dc4a-48b7-5320-a4ad-152539e5990a}.Debug|Any CPU.Build.0 = Debug|Any CPU
		{b2ea37b8-190c-a214-b127-0e4c862bf47f}.Debug|Any CPU.ActiveCfg = Debug|Any CPU
		{b2ea37b8-190c-a214-b127-0e4c862bf47f}.Debug|Any CPU.Build.0 = Debug|Any CPU
		{d773e942-a365-9b90-95a7-5bc51cd5e43c}.Debug|Any CPU.ActiveCfg = Debug|Any CPU
		{d773e942-a365-9b90-95a7-5bc51cd5e43c}.Debug|Any CPU.Build.0 = Debug|Any CPU
		{78a0d356-6057-12d9-e040-1ed3bb911d22}.Debug|Any CPU.ActiveCfg = Debug|Any CPU
		{78a0d356-6057-12d9-e040-1ed3bb911d22}.Debug|Any CPU.Build.0 = Debug|Any CPU
		{34d7c636-f59e-1e4d-897e-7dbee17d142a}.Debug|Any CPU.ActiveCfg = Debug|Any CPU
		{34d7c636-f59e-1e4d-897e-7dbee17d142a}.Debug|Any CPU.Build.0 = Debug|Any CPU
		{1285aebf-32a6-46b2-fc56-f4fecb024d76}.Debug|Any CPU.ActiveCfg = Debug|Any CPU
		{1285aebf-32a6-46b2-fc56-f4fecb024d76}.Debug|Any CPU.Build.0 = Debug|Any CPU
		{21f4e850-0371-412b-2315-46dafb0cf817}.Debug|Any CPU.ActiveCfg = Debug|Any CPU
		{21f4e850-0371-412b-2315-46dafb0cf817}.Debug|Any CPU.Build.0 = Debug|Any CPU
		{37dddcb8-f002-ed1e-83d6-d23ccbb83548}.Debug|Any CPU.ActiveCfg = Debug|Any CPU
		{37dddcb8-f002-ed1e-83d6-d23ccbb83548}.Debug|Any CPU.Build.0 = Debug|Any CPU
		{d44bcfaa-9e6b-c4ef-8559-fff4ea97f012}.Debug|Any CPU.ActiveCfg = Debug|Any CPU
		{d44bcfaa-9e6b-c4ef-8559-fff4ea97f012}.Debug|Any CPU.Build.0 = Debug|Any CPU
	EndGlobalSection
	GlobalSection(SolutionProperties) = preSolution
		HideSolutionNode = FALSE
	EndGlobalSection
EndGlobal
